
Microsoft Visual Studio Solution File, Format Version 12.00
# Visual Studio 15
VisualStudioVersion = 15.0.27703.2035
MinimumVisualStudioVersion = 10.0.40219.1
Project("{FAE04EC0-301F-11D3-BF4B-00C04F79EFBC}") = "ProjetTransports", "ProjetTransports\ProjetTransports.csproj", "{13588A6D-3967-4B87-AE9C-F6E8FFED7CE9}"
EndProject
Project("{FAE04EC0-301F-11D3-BF4B-00C04F79EFBC}") = "TransportsLibrary", "TransportsLibrary\TransportsLibrary.csproj", "{CF3F6037-BB0C-4C83-B104-5C65BB6D01C4}"
EndProject
Project("{FAE04EC0-301F-11D3-BF4B-00C04F79EFBC}") = "UnitTestProject", "UnitTestProject\UnitTestProject.csproj", "{F1E4EE83-D78E-474C-9787-BC9D33E32F33}"
EndProject
Project("{FAE04EC0-301F-11D3-BF4B-00C04F79EFBC}") = "TransportsMVVM", "TransportsMVVM\TransportsMVVM.csproj", "{AFEABDB8-50B0-4A81-9D03-8239D1C2269B}"
EndProject
Global
	GlobalSection(SolutionConfigurationPlatforms) = preSolution
		Debug|Any CPU = Debug|Any CPU
		Release|Any CPU = Release|Any CPU
	EndGlobalSection
	GlobalSection(ProjectConfigurationPlatforms) = postSolution
		{13588A6D-3967-4B87-AE9C-F6E8FFED7CE9}.Debug|Any CPU.ActiveCfg = Debug|Any CPU
		{13588A6D-3967-4B87-AE9C-F6E8FFED7CE9}.Debug|Any CPU.Build.0 = Debug|Any CPU
		{13588A6D-3967-4B87-AE9C-F6E8FFED7CE9}.Release|Any CPU.ActiveCfg = Release|Any CPU
		{13588A6D-3967-4B87-AE9C-F6E8FFED7CE9}.Release|Any CPU.Build.0 = Release|Any CPU
		{CF3F6037-BB0C-4C83-B104-5C65BB6D01C4}.Debug|Any CPU.ActiveCfg = Debug|Any CPU
		{CF3F6037-BB0C-4C83-B104-5C65BB6D01C4}.Debug|Any CPU.Build.0 = Debug|Any CPU
		{CF3F6037-BB0C-4C83-B104-5C65BB6D01C4}.Release|Any CPU.ActiveCfg = Release|Any CPU
		{CF3F6037-BB0C-4C83-B104-5C65BB6D01C4}.Release|Any CPU.Build.0 = Release|Any CPU
		{F1E4EE83-D78E-474C-9787-BC9D33E32F33}.Debug|Any CPU.ActiveCfg = Debug|Any CPU
		{F1E4EE83-D78E-474C-9787-BC9D33E32F33}.Debug|Any CPU.Build.0 = Debug|Any CPU
		{F1E4EE83-D78E-474C-9787-BC9D33E32F33}.Release|Any CPU.ActiveCfg = Release|Any CPU
		{F1E4EE83-D78E-474C-9787-BC9D33E32F33}.Release|Any CPU.Build.0 = Release|Any CPU
		{AFEABDB8-50B0-4A81-9D03-8239D1C2269B}.Debug|Any CPU.ActiveCfg = Debug|Any CPU
		{AFEABDB8-50B0-4A81-9D03-8239D1C2269B}.Debug|Any CPU.Build.0 = Debug|Any CPU
		{AFEABDB8-50B0-4A81-9D03-8239D1C2269B}.Release|Any CPU.ActiveCfg = Release|Any CPU
		{AFEABDB8-50B0-4A81-9D03-8239D1C2269B}.Release|Any CPU.Build.0 = Release|Any CPU
	EndGlobalSection
	GlobalSection(SolutionProperties) = preSolution
		HideSolutionNode = FALSE
	EndGlobalSection
	GlobalSection(ExtensibilityGlobals) = postSolution
		SolutionGuid = {A956A93D-5F51-42BE-A383-0EEE4470302F}
	EndGlobalSection
EndGlobal
