
Microsoft Visual Studio Solution File, Format Version 12.00
# Visual Studio 15
VisualStudioVersion = 15.0.27703.2035
MinimumVisualStudioVersion = 10.0.40219.1
Project("{FAE04EC0-301F-11D3-BF4B-00C04F79EFBC}") = "ProjetTransports", "ProjetTransports\ProjetTransports.csproj", "{13588A6D-3967-4B87-AE9C-F6E8FFED7CE9}"
EndProject
Global
	GlobalSection(SolutionConfigurationPlatforms) = preSolution
		Debug|Any CPU = Debug|Any CPU
		Release|Any CPU = Release|Any CPU
	EndGlobalSection
	GlobalSection(ProjectConfigurationPlatforms) = postSolution
		{13588A6D-3967-4B87-AE9C-F6E8FFED7CE9}.Debug|Any CPU.ActiveCfg = Debug|Any CPU
		{13588A6D-3967-4B87-AE9C-F6E8FFED7CE9}.Debug|Any CPU.Build.0 = Debug|Any CPU
		{13588A6D-3967-4B87-AE9C-F6E8FFED7CE9}.Release|Any CPU.ActiveCfg = Release|Any CPU
		{13588A6D-3967-4B87-AE9C-F6E8FFED7CE9}.Release|Any CPU.Build.0 = Release|Any CPU
	EndGlobalSection
	GlobalSection(SolutionProperties) = preSolution
		HideSolutionNode = FALSE
	EndGlobalSection
	GlobalSection(ExtensibilityGlobals) = postSolution
		SolutionGuid = {A956A93D-5F51-42BE-A383-0EEE4470302F}
	EndGlobalSection
EndGlobal
